
Microsoft Visual Studio Solution File, Format Version 12.00
# Visual Studio 15
VisualStudioVersion = 15.0.27428.2043
MinimumVisualStudioVersion = 10.0.40219.1
Project("{8BC9CEB8-8B4A-11D0-8D11-00A0C91BC942}") = "WolstenholmeSerial", "WolstenholmeSerial\WolstenholmeSerial.vcxproj", "{8B5DD31F-453D-437C-8107-E38320CA0AAB}"
EndProject
Global
	GlobalSection(SolutionConfigurationPlatforms) = preSolution
		Debug|x64 = Debug|x64
		Debug|x86 = Debug|x86
		Release|x64 = Release|x64
		Release|x86 = Release|x86
	EndGlobalSection
	GlobalSection(ProjectConfigurationPlatforms) = postSolution
		{8B5DD31F-453D-437C-8107-E38320CA0AAB}.Debug|x64.ActiveCfg = Debug|x64
		{8B5DD31F-453D-437C-8107-E38320CA0AAB}.Debug|x64.Build.0 = Debug|x64
		{8B5DD31F-453D-437C-8107-E38320CA0AAB}.Debug|x86.ActiveCfg = Debug|Win32
		{8B5DD31F-453D-437C-8107-E38320CA0AAB}.Debug|x86.Build.0 = Debug|Win32
		{8B5DD31F-453D-437C-8107-E38320CA0AAB}.Release|x64.ActiveCfg = Release|x64
		{8B5DD31F-453D-437C-8107-E38320CA0AAB}.Release|x64.Build.0 = Release|x64
		{8B5DD31F-453D-437C-8107-E38320CA0AAB}.Release|x86.ActiveCfg = Release|Win32
		{8B5DD31F-453D-437C-8107-E38320CA0AAB}.Release|x86.Build.0 = Release|Win32
	EndGlobalSection
	GlobalSection(SolutionProperties) = preSolution
		HideSolutionNode = FALSE
	EndGlobalSection
	GlobalSection(ExtensibilityGlobals) = postSolution
		SolutionGuid = {462882B4-8B5D-4950-94F8-83641E664CB8}
	EndGlobalSection
EndGlobal
